
Microsoft Visual Studio Solution File, Format Version 12.00
# Visual Studio Version 17
VisualStudioVersion = 17.9.34902.65
MinimumVisualStudioVersion = 10.0.40219.1
Project("{FAE04EC0-301F-11D3-BF4B-00C04F79EFBC}") = "TaxSystem", "TaxSystem\TaxSystem.csproj", "{D662D59D-0D14-4BA4-B623-069F33DCF01F}"
EndProject
Project("{FAE04EC0-301F-11D3-BF4B-00C04F79EFBC}") = "TaxSystem.Test", "TaxSystem.Test\TaxSystem.Test.csproj", "{132C1B6D-2042-498D-AFB9-81C7C9BB9DEA}"
EndProject
Global
	GlobalSection(SolutionConfigurationPlatforms) = preSolution
		Debug|Any CPU = Debug|Any CPU
		Release|Any CPU = Release|Any CPU
	EndGlobalSection
	GlobalSection(ProjectConfigurationPlatforms) = postSolution
		{D662D59D-0D14-4BA4-B623-069F33DCF01F}.Debug|Any CPU.ActiveCfg = Debug|Any CPU
		{D662D59D-0D14-4BA4-B623-069F33DCF01F}.Debug|Any CPU.Build.0 = Debug|Any CPU
		{D662D59D-0D14-4BA4-B623-069F33DCF01F}.Release|Any CPU.ActiveCfg = Release|Any CPU
		{D662D59D-0D14-4BA4-B623-069F33DCF01F}.Release|Any CPU.Build.0 = Release|Any CPU
		{132C1B6D-2042-498D-AFB9-81C7C9BB9DEA}.Debug|Any CPU.ActiveCfg = Debug|Any CPU
		{132C1B6D-2042-498D-AFB9-81C7C9BB9DEA}.Debug|Any CPU.Build.0 = Debug|Any CPU
		{132C1B6D-2042-498D-AFB9-81C7C9BB9DEA}.Release|Any CPU.ActiveCfg = Release|Any CPU
		{132C1B6D-2042-498D-AFB9-81C7C9BB9DEA}.Release|Any CPU.Build.0 = Release|Any CPU
	EndGlobalSection
	GlobalSection(SolutionProperties) = preSolution
		HideSolutionNode = FALSE
	EndGlobalSection
	GlobalSection(ExtensibilityGlobals) = postSolution
		SolutionGuid = {75A56CEB-7DC8-4E0E-879B-F854324ABC7F}
	EndGlobalSection
EndGlobal
